
Microsoft Visual Studio Solution File, Format Version 11.00
# Visual Studio 2010
Project("{FAE04EC0-301F-11D3-BF4B-00C04F79EFBC}") = "XNA2DSkeletalAnimation", "XNA2DSkeletalAnimation\XNA2DSkeletalAnimation\XNA2DSkeletalAnimation.csproj", "{4986D642-280C-4375-B458-FC262D28A785}"
EndProject
Project("{96E2B04D-8817-42C6-938A-82C39BA4D311}") = "XNA2DSkeletalAnimationContent", "XNA2DSkeletalAnimation\XNA2DSkeletalAnimationContent\XNA2DSkeletalAnimationContent.contentproj", "{A4846808-32BE-4C5E-8F1C-C24AC4EC5572}"
EndProject
Global
	GlobalSection(SolutionConfigurationPlatforms) = preSolution
		Debug|x86 = Debug|x86
		Release|x86 = Release|x86
	EndGlobalSection
	GlobalSection(ProjectConfigurationPlatforms) = postSolution
		{4986D642-280C-4375-B458-FC262D28A785}.Debug|x86.ActiveCfg = Debug|x86
		{4986D642-280C-4375-B458-FC262D28A785}.Debug|x86.Build.0 = Debug|x86
		{4986D642-280C-4375-B458-FC262D28A785}.Release|x86.ActiveCfg = Release|x86
		{4986D642-280C-4375-B458-FC262D28A785}.Release|x86.Build.0 = Release|x86
		{A4846808-32BE-4C5E-8F1C-C24AC4EC5572}.Debug|x86.ActiveCfg = Debug|x86
		{A4846808-32BE-4C5E-8F1C-C24AC4EC5572}.Release|x86.ActiveCfg = Release|x86
	EndGlobalSection
	GlobalSection(SolutionProperties) = preSolution
		HideSolutionNode = FALSE
	EndGlobalSection
EndGlobal
